// !$*UTF8*$!
{
	archiveVersion = 1;
	classes = {
	};
	objectVersion = 55;
	objects = {

/* Begin PBXBuildFile section */
		030D4CF42720E573007753D1 /* RegisterViewController.swift in Sources */ = {isa = PBXBuildFile; fileRef = 030D4CF22720E573007753D1 /* RegisterViewController.swift */; };
		030D4CF52720E573007753D1 /* RegisterViewController.xib in Resources */ = {isa = PBXBuildFile; fileRef = 030D4CF32720E573007753D1 /* RegisterViewController.xib */; };
		030D4CF92720EA85007753D1 /* ExtensionUIView.swift in Sources */ = {isa = PBXBuildFile; fileRef = 030D4CF82720EA85007753D1 /* ExtensionUIView.swift */; };
		030D4D0A2723A21D007753D1 /* ForgotPasswordViewController.swift in Sources */ = {isa = PBXBuildFile; fileRef = 030D4D082723A21D007753D1 /* ForgotPasswordViewController.swift */; };
		030D4D0B2723A21D007753D1 /* ForgotPasswordViewController.xib in Resources */ = {isa = PBXBuildFile; fileRef = 030D4D092723A21D007753D1 /* ForgotPasswordViewController.xib */; };
		0390A070272EDCAC00FB1B2F /* FilterModel.swift in Sources */ = {isa = PBXBuildFile; fileRef = 0390A06F272EDCAC00FB1B2F /* FilterModel.swift */; };
		0390A073272EDD5A00FB1B2F /* FilterService.swift in Sources */ = {isa = PBXBuildFile; fileRef = 0390A072272EDD5A00FB1B2F /* FilterService.swift */; };
		0390A075272EE2E100FB1B2F /* FilterViewModel.swift in Sources */ = {isa = PBXBuildFile; fileRef = 0390A074272EE2E100FB1B2F /* FilterViewModel.swift */; };
		0390A0782731705600FB1B2F /* SugestaoViewController.swift in Sources */ = {isa = PBXBuildFile; fileRef = 0390A0762731705600FB1B2F /* SugestaoViewController.swift */; };
		0390A0792731705600FB1B2F /* SugestaoViewController.xib in Resources */ = {isa = PBXBuildFile; fileRef = 0390A0772731705600FB1B2F /* SugestaoViewController.xib */; };
		5F11E58527336C1F00320EF5 /* ForgotPassRouter.swift in Sources */ = {isa = PBXBuildFile; fileRef = 5F11E58427336C1F00320EF5 /* ForgotPassRouter.swift */; };
		5F32B5652759351C00DE7C48 /* GoogleService-Info.plist in Resources */ = {isa = PBXBuildFile; fileRef = 5F32B5642759351C00DE7C48 /* GoogleService-Info.plist */; };
		5F64409F2731E0960096B597 /* FilterRouter.swift in Sources */ = {isa = PBXBuildFile; fileRef = 5F64409E2731E0960096B597 /* FilterRouter.swift */; };
		5F683B9D27288126008E35AF /* LoginRouter.swift in Sources */ = {isa = PBXBuildFile; fileRef = 5F683B9C27288126008E35AF /* LoginRouter.swift */; };
		5F70D8F2271DE3CB002128A3 /* HomeRouter.swift in Sources */ = {isa = PBXBuildFile; fileRef = 5F70D8F1271DE3CB002128A3 /* HomeRouter.swift */; };
		5F70D8F6271DED31002128A3 /* RouterTestViewController.swift in Sources */ = {isa = PBXBuildFile; fileRef = 5F70D8F4271DED31002128A3 /* RouterTestViewController.swift */; };
		5F70D8F7271DED31002128A3 /* RouterTestViewController.xib in Resources */ = {isa = PBXBuildFile; fileRef = 5F70D8F5271DED31002128A3 /* RouterTestViewController.xib */; };
		5F81187F275F9063006E377F /* LoginViewModel.swift in Sources */ = {isa = PBXBuildFile; fileRef = 5F81187E275F9063006E377F /* LoginViewModel.swift */; };
		5F87E15A27473F1A00591BA8 /* Restaurant+CoreDataClass.swift in Sources */ = {isa = PBXBuildFile; fileRef = 5F87E15627473F1A00591BA8 /* Restaurant+CoreDataClass.swift */; };
		5F87E15B27473F1A00591BA8 /* Restaurant+CoreDataProperties.swift in Sources */ = {isa = PBXBuildFile; fileRef = 5F87E15727473F1A00591BA8 /* Restaurant+CoreDataProperties.swift */; };
		5F87E15C27473F1A00591BA8 /* Restaurant.xcdatamodeld in Sources */ = {isa = PBXBuildFile; fileRef = 5F87E15827473F1A00591BA8 /* Restaurant.xcdatamodeld */; };
		5F90EE6A2720756C005EFE17 /* IntroViewController.swift in Sources */ = {isa = PBXBuildFile; fileRef = 5F90EE682720756C005EFE17 /* IntroViewController.swift */; };
		5F90EE6B2720756C005EFE17 /* IntroViewController.xib in Resources */ = {isa = PBXBuildFile; fileRef = 5F90EE692720756C005EFE17 /* IntroViewController.xib */; };
		5F90EE6D27207587005EFE17 /* IntroRouter.swift in Sources */ = {isa = PBXBuildFile; fileRef = 5F90EE6C27207587005EFE17 /* IntroRouter.swift */; };
		5FC522FF271CFBD100DC2B7A /* AppDelegate.swift in Sources */ = {isa = PBXBuildFile; fileRef = 5FC522FE271CFBD100DC2B7A /* AppDelegate.swift */; };
		5FC52301271CFBD100DC2B7A /* SceneDelegate.swift in Sources */ = {isa = PBXBuildFile; fileRef = 5FC52300271CFBD100DC2B7A /* SceneDelegate.swift */; };
		5FC52308271CFBD200DC2B7A /* Assets.xcassets in Resources */ = {isa = PBXBuildFile; fileRef = 5FC52307271CFBD200DC2B7A /* Assets.xcassets */; };
		5FC5230B271CFBD200DC2B7A /* LaunchScreen.storyboard in Resources */ = {isa = PBXBuildFile; fileRef = 5FC52309271CFBD200DC2B7A /* LaunchScreen.storyboard */; };
		5FC52316271CFBD200DC2B7A /* random_rangoTests.swift in Sources */ = {isa = PBXBuildFile; fileRef = 5FC52315271CFBD200DC2B7A /* random_rangoTests.swift */; };
		5FC52320271CFBD300DC2B7A /* random_rangoUITests.swift in Sources */ = {isa = PBXBuildFile; fileRef = 5FC5231F271CFBD300DC2B7A /* random_rangoUITests.swift */; };
		5FC52322271CFBD300DC2B7A /* random_rangoUITestsLaunchTests.swift in Sources */ = {isa = PBXBuildFile; fileRef = 5FC52321271CFBD300DC2B7A /* random_rangoUITestsLaunchTests.swift */; };
		5FC52331271D066700DC2B7A /* HomeViewController.swift in Sources */ = {isa = PBXBuildFile; fileRef = 5FC5232F271D066700DC2B7A /* HomeViewController.swift */; };
		5FC52332271D066700DC2B7A /* HomeViewController.xib in Resources */ = {isa = PBXBuildFile; fileRef = 5FC52330271D066700DC2B7A /* HomeViewController.xib */; };
		5FC52337271DCE6D00DC2B7A /* TextFieldCell.swift in Sources */ = {isa = PBXBuildFile; fileRef = 5FC52335271DCE6D00DC2B7A /* TextFieldCell.swift */; };
		5FC52338271DCE6D00DC2B7A /* TextFieldCell.xib in Resources */ = {isa = PBXBuildFile; fileRef = 5FC52336271DCE6D00DC2B7A /* TextFieldCell.xib */; };
		5FC5233B271DCE7C00DC2B7A /* ButtonCell.swift in Sources */ = {isa = PBXBuildFile; fileRef = 5FC52339271DCE7C00DC2B7A /* ButtonCell.swift */; };
		5FC5233C271DCE7C00DC2B7A /* ButtonCell.xib in Resources */ = {isa = PBXBuildFile; fileRef = 5FC5233A271DCE7C00DC2B7A /* ButtonCell.xib */; };
		5FC52340271DD27700DC2B7A /* HomeSectionModel.swift in Sources */ = {isa = PBXBuildFile; fileRef = 5FC5233F271DD27700DC2B7A /* HomeSectionModel.swift */; };
		5FE2E03A27430A8E00445A83 /* SugestaoService.swift in Sources */ = {isa = PBXBuildFile; fileRef = 5FE2E03927430A8E00445A83 /* SugestaoService.swift */; };
		5FE2E03C27430AE000445A83 /* SugestaoViewModel.swift in Sources */ = {isa = PBXBuildFile; fileRef = 5FE2E03B27430AE000445A83 /* SugestaoViewModel.swift */; };
		5FEFDD4E27261B4C00FD7915 /* LoginViewController.swift in Sources */ = {isa = PBXBuildFile; fileRef = 5FEFDD4C27261B4C00FD7915 /* LoginViewController.swift */; };
		5FEFDD4F27261B4C00FD7915 /* LoginViewController.xib in Resources */ = {isa = PBXBuildFile; fileRef = 5FEFDD4D27261B4C00FD7915 /* LoginViewController.xib */; };
		6480E9A6272776BE008C230A /* Historic.swift in Sources */ = {isa = PBXBuildFile; fileRef = 6480E9A5272776BE008C230A /* Historic.swift */; };
		6480E9A8272786DA008C230A /* HistoricCell.swift in Sources */ = {isa = PBXBuildFile; fileRef = 6480E9A7272786DA008C230A /* HistoricCell.swift */; };
		64AB584527459B7F00438B16 /* CoreDataService.swift in Sources */ = {isa = PBXBuildFile; fileRef = 64AB584427459B7F00438B16 /* CoreDataService.swift */; };
		64AB58562745ACB400438B16 /* HistoricViewModel.swift in Sources */ = {isa = PBXBuildFile; fileRef = 64AB58552745ACB400438B16 /* HistoricViewModel.swift */; };
		64F2F33527221F3400030EF7 /* HistoricViewController.swift in Sources */ = {isa = PBXBuildFile; fileRef = 64F2F33427221F3400030EF7 /* HistoricViewController.swift */; };
		64F2F3382722232E00030EF7 /* HistoricView.swift in Sources */ = {isa = PBXBuildFile; fileRef = 64F2F3372722232E00030EF7 /* HistoricView.swift */; };
		64F2F33A2722490300030EF7 /* RangoCustomCell.swift in Sources */ = {isa = PBXBuildFile; fileRef = 64F2F3392722490300030EF7 /* RangoCustomCell.swift */; };
		6692A9FB2721F5D500C5E899 /* FilterViewController.swift in Sources */ = {isa = PBXBuildFile; fileRef = 6692A9F92721F5D500C5E899 /* FilterViewController.swift */; };
		6692A9FC2721F5D500C5E899 /* FilterViewController.xib in Resources */ = {isa = PBXBuildFile; fileRef = 6692A9FA2721F5D500C5E899 /* FilterViewController.xib */; };
		871E11A9F5DA4A6D6A1EC37A /* Pods_random_rangoTests.framework in Frameworks */ = {isa = PBXBuildFile; fileRef = 2AFEF16147A4E4795FDB91A7 /* Pods_random_rangoTests.framework */; };
		AC5CA1E474D18E4DAA41B481 /* Pods_random_rango_random_rangoUITests.framework in Frameworks */ = {isa = PBXBuildFile; fileRef = 753FABCA6B8940F1465C62DE /* Pods_random_rango_random_rangoUITests.framework */; };
		B1F809CE1B2D979F20A4C25E /* Pods_random_rango.framework in Frameworks */ = {isa = PBXBuildFile; fileRef = 7B01ADD6E5A2DCA9BFF76650 /* Pods_random_rango.framework */; };
		DCCEB9182720F1D800B70846 /* SugestionViewController.swift in Sources */ = {isa = PBXBuildFile; fileRef = DCCEB9162720F1D800B70846 /* SugestionViewController.swift */; };
		DCCEB9192720F1D800B70846 /* SugestionViewController.xib in Resources */ = {isa = PBXBuildFile; fileRef = DCCEB9172720F1D800B70846 /* SugestionViewController.xib */; };
/* End PBXBuildFile section */

/* Begin PBXContainerItemProxy section */
		5FC52312271CFBD200DC2B7A /* PBXContainerItemProxy */ = {
			isa = PBXContainerItemProxy;
			containerPortal = 5FC522F3271CFBD100DC2B7A /* Project object */;
			proxyType = 1;
			remoteGlobalIDString = 5FC522FA271CFBD100DC2B7A;
			remoteInfo = "random-rango";
		};
		5FC5231C271CFBD300DC2B7A /* PBXContainerItemProxy */ = {
			isa = PBXContainerItemProxy;
			containerPortal = 5FC522F3271CFBD100DC2B7A /* Project object */;
			proxyType = 1;
			remoteGlobalIDString = 5FC522FA271CFBD100DC2B7A;
			remoteInfo = "random-rango";
		};
/* End PBXContainerItemProxy section */

/* Begin PBXFileReference section */
		030D4CF22720E573007753D1 /* RegisterViewController.swift */ = {isa = PBXFileReference; lastKnownFileType = sourcecode.swift; path = RegisterViewController.swift; sourceTree = "<group>"; };
		030D4CF32720E573007753D1 /* RegisterViewController.xib */ = {isa = PBXFileReference; lastKnownFileType = file.xib; path = RegisterViewController.xib; sourceTree = "<group>"; };
		030D4CF82720EA85007753D1 /* ExtensionUIView.swift */ = {isa = PBXFileReference; lastKnownFileType = sourcecode.swift; path = ExtensionUIView.swift; sourceTree = "<group>"; };
		030D4D082723A21D007753D1 /* ForgotPasswordViewController.swift */ = {isa = PBXFileReference; lastKnownFileType = sourcecode.swift; path = ForgotPasswordViewController.swift; sourceTree = "<group>"; };
		030D4D092723A21D007753D1 /* ForgotPasswordViewController.xib */ = {isa = PBXFileReference; lastKnownFileType = file.xib; path = ForgotPasswordViewController.xib; sourceTree = "<group>"; };
		0363157DB2CB1892415A7ACC /* Pods-random-rangoTests.debug.xcconfig */ = {isa = PBXFileReference; includeInIndex = 1; lastKnownFileType = text.xcconfig; name = "Pods-random-rangoTests.debug.xcconfig"; path = "Target Support Files/Pods-random-rangoTests/Pods-random-rangoTests.debug.xcconfig"; sourceTree = "<group>"; };
		0390A06F272EDCAC00FB1B2F /* FilterModel.swift */ = {isa = PBXFileReference; lastKnownFileType = sourcecode.swift; path = FilterModel.swift; sourceTree = "<group>"; };
		0390A072272EDD5A00FB1B2F /* FilterService.swift */ = {isa = PBXFileReference; lastKnownFileType = sourcecode.swift; path = FilterService.swift; sourceTree = "<group>"; };
		0390A074272EE2E100FB1B2F /* FilterViewModel.swift */ = {isa = PBXFileReference; lastKnownFileType = sourcecode.swift; path = FilterViewModel.swift; sourceTree = "<group>"; };
		0390A0762731705600FB1B2F /* SugestaoViewController.swift */ = {isa = PBXFileReference; lastKnownFileType = sourcecode.swift; path = SugestaoViewController.swift; sourceTree = "<group>"; };
		0390A0772731705600FB1B2F /* SugestaoViewController.xib */ = {isa = PBXFileReference; lastKnownFileType = file.xib; path = SugestaoViewController.xib; sourceTree = "<group>"; };
		1FFDAC11D759135ADF8F6FE5 /* Pods-random-rangoTests.release.xcconfig */ = {isa = PBXFileReference; includeInIndex = 1; lastKnownFileType = text.xcconfig; name = "Pods-random-rangoTests.release.xcconfig"; path = "Target Support Files/Pods-random-rangoTests/Pods-random-rangoTests.release.xcconfig"; sourceTree = "<group>"; };
		2AFEF16147A4E4795FDB91A7 /* Pods_random_rangoTests.framework */ = {isa = PBXFileReference; explicitFileType = wrapper.framework; includeInIndex = 0; path = Pods_random_rangoTests.framework; sourceTree = BUILT_PRODUCTS_DIR; };
		5F11E58427336C1F00320EF5 /* ForgotPassRouter.swift */ = {isa = PBXFileReference; lastKnownFileType = sourcecode.swift; path = ForgotPassRouter.swift; sourceTree = "<group>"; };
		5F32B5642759351C00DE7C48 /* GoogleService-Info.plist */ = {isa = PBXFileReference; fileEncoding = 4; lastKnownFileType = text.plist.xml; path = "GoogleService-Info.plist"; sourceTree = "<group>"; };
		5F64409E2731E0960096B597 /* FilterRouter.swift */ = {isa = PBXFileReference; lastKnownFileType = sourcecode.swift; path = FilterRouter.swift; sourceTree = "<group>"; };
		5F683B9C27288126008E35AF /* LoginRouter.swift */ = {isa = PBXFileReference; lastKnownFileType = sourcecode.swift; path = LoginRouter.swift; sourceTree = "<group>"; };
		5F70D8F1271DE3CB002128A3 /* HomeRouter.swift */ = {isa = PBXFileReference; lastKnownFileType = sourcecode.swift; path = HomeRouter.swift; sourceTree = "<group>"; };
		5F70D8F4271DED31002128A3 /* RouterTestViewController.swift */ = {isa = PBXFileReference; lastKnownFileType = sourcecode.swift; path = RouterTestViewController.swift; sourceTree = "<group>"; };
		5F70D8F5271DED31002128A3 /* RouterTestViewController.xib */ = {isa = PBXFileReference; lastKnownFileType = file.xib; path = RouterTestViewController.xib; sourceTree = "<group>"; };
		5F81187E275F9063006E377F /* LoginViewModel.swift */ = {isa = PBXFileReference; lastKnownFileType = sourcecode.swift; path = LoginViewModel.swift; sourceTree = "<group>"; };
		5F87E15627473F1A00591BA8 /* Restaurant+CoreDataClass.swift */ = {isa = PBXFileReference; fileEncoding = 4; lastKnownFileType = sourcecode.swift; path = "Restaurant+CoreDataClass.swift"; sourceTree = "<group>"; };
		5F87E15727473F1A00591BA8 /* Restaurant+CoreDataProperties.swift */ = {isa = PBXFileReference; fileEncoding = 4; lastKnownFileType = sourcecode.swift; path = "Restaurant+CoreDataProperties.swift"; sourceTree = "<group>"; };
		5F87E15927473F1A00591BA8 /* Restaurant.xcdatamodel */ = {isa = PBXFileReference; lastKnownFileType = wrapper.xcdatamodel; path = Restaurant.xcdatamodel; sourceTree = "<group>"; };
		5F90EE682720756C005EFE17 /* IntroViewController.swift */ = {isa = PBXFileReference; lastKnownFileType = sourcecode.swift; path = IntroViewController.swift; sourceTree = "<group>"; };
		5F90EE692720756C005EFE17 /* IntroViewController.xib */ = {isa = PBXFileReference; lastKnownFileType = file.xib; path = IntroViewController.xib; sourceTree = "<group>"; };
		5F90EE6C27207587005EFE17 /* IntroRouter.swift */ = {isa = PBXFileReference; lastKnownFileType = sourcecode.swift; path = IntroRouter.swift; sourceTree = "<group>"; };
		5FC522FB271CFBD100DC2B7A /* random-rango.app */ = {isa = PBXFileReference; explicitFileType = wrapper.application; includeInIndex = 0; path = "random-rango.app"; sourceTree = BUILT_PRODUCTS_DIR; };
		5FC522FE271CFBD100DC2B7A /* AppDelegate.swift */ = {isa = PBXFileReference; lastKnownFileType = sourcecode.swift; path = AppDelegate.swift; sourceTree = "<group>"; };
		5FC52300271CFBD100DC2B7A /* SceneDelegate.swift */ = {isa = PBXFileReference; lastKnownFileType = sourcecode.swift; path = SceneDelegate.swift; sourceTree = "<group>"; };
		5FC52307271CFBD200DC2B7A /* Assets.xcassets */ = {isa = PBXFileReference; lastKnownFileType = folder.assetcatalog; path = Assets.xcassets; sourceTree = "<group>"; };
		5FC5230A271CFBD200DC2B7A /* Base */ = {isa = PBXFileReference; lastKnownFileType = file.storyboard; name = Base; path = Base.lproj/LaunchScreen.storyboard; sourceTree = "<group>"; };
		5FC5230C271CFBD200DC2B7A /* Info.plist */ = {isa = PBXFileReference; lastKnownFileType = text.plist.xml; path = Info.plist; sourceTree = "<group>"; };
		5FC52311271CFBD200DC2B7A /* random-rangoTests.xctest */ = {isa = PBXFileReference; explicitFileType = wrapper.cfbundle; includeInIndex = 0; path = "random-rangoTests.xctest"; sourceTree = BUILT_PRODUCTS_DIR; };
		5FC52315271CFBD200DC2B7A /* random_rangoTests.swift */ = {isa = PBXFileReference; lastKnownFileType = sourcecode.swift; path = random_rangoTests.swift; sourceTree = "<group>"; };
		5FC5231B271CFBD300DC2B7A /* random-rangoUITests.xctest */ = {isa = PBXFileReference; explicitFileType = wrapper.cfbundle; includeInIndex = 0; path = "random-rangoUITests.xctest"; sourceTree = BUILT_PRODUCTS_DIR; };
		5FC5231F271CFBD300DC2B7A /* random_rangoUITests.swift */ = {isa = PBXFileReference; lastKnownFileType = sourcecode.swift; path = random_rangoUITests.swift; sourceTree = "<group>"; };
		5FC52321271CFBD300DC2B7A /* random_rangoUITestsLaunchTests.swift */ = {isa = PBXFileReference; lastKnownFileType = sourcecode.swift; path = random_rangoUITestsLaunchTests.swift; sourceTree = "<group>"; };
		5FC5232F271D066700DC2B7A /* HomeViewController.swift */ = {isa = PBXFileReference; lastKnownFileType = sourcecode.swift; path = HomeViewController.swift; sourceTree = "<group>"; };
		5FC52330271D066700DC2B7A /* HomeViewController.xib */ = {isa = PBXFileReference; lastKnownFileType = file.xib; path = HomeViewController.xib; sourceTree = "<group>"; };
		5FC52335271DCE6D00DC2B7A /* TextFieldCell.swift */ = {isa = PBXFileReference; lastKnownFileType = sourcecode.swift; path = TextFieldCell.swift; sourceTree = "<group>"; };
		5FC52336271DCE6D00DC2B7A /* TextFieldCell.xib */ = {isa = PBXFileReference; lastKnownFileType = file.xib; path = TextFieldCell.xib; sourceTree = "<group>"; };
		5FC52339271DCE7C00DC2B7A /* ButtonCell.swift */ = {isa = PBXFileReference; lastKnownFileType = sourcecode.swift; path = ButtonCell.swift; sourceTree = "<group>"; };
		5FC5233A271DCE7C00DC2B7A /* ButtonCell.xib */ = {isa = PBXFileReference; lastKnownFileType = file.xib; path = ButtonCell.xib; sourceTree = "<group>"; };
		5FC5233F271DD27700DC2B7A /* HomeSectionModel.swift */ = {isa = PBXFileReference; lastKnownFileType = sourcecode.swift; path = HomeSectionModel.swift; sourceTree = "<group>"; };
		5FE2E03927430A8E00445A83 /* SugestaoService.swift */ = {isa = PBXFileReference; lastKnownFileType = sourcecode.swift; path = SugestaoService.swift; sourceTree = "<group>"; };
		5FE2E03B27430AE000445A83 /* SugestaoViewModel.swift */ = {isa = PBXFileReference; lastKnownFileType = sourcecode.swift; path = SugestaoViewModel.swift; sourceTree = "<group>"; };
		5FEFDD4C27261B4C00FD7915 /* LoginViewController.swift */ = {isa = PBXFileReference; lastKnownFileType = sourcecode.swift; path = LoginViewController.swift; sourceTree = "<group>"; };
		5FEFDD4D27261B4C00FD7915 /* LoginViewController.xib */ = {isa = PBXFileReference; lastKnownFileType = file.xib; path = LoginViewController.xib; sourceTree = "<group>"; };
		6480E9A5272776BE008C230A /* Historic.swift */ = {isa = PBXFileReference; lastKnownFileType = sourcecode.swift; path = Historic.swift; sourceTree = "<group>"; };
		6480E9A7272786DA008C230A /* HistoricCell.swift */ = {isa = PBXFileReference; lastKnownFileType = sourcecode.swift; path = HistoricCell.swift; sourceTree = "<group>"; };
		64AB584427459B7F00438B16 /* CoreDataService.swift */ = {isa = PBXFileReference; lastKnownFileType = sourcecode.swift; path = CoreDataService.swift; sourceTree = "<group>"; };
		64AB58552745ACB400438B16 /* HistoricViewModel.swift */ = {isa = PBXFileReference; lastKnownFileType = sourcecode.swift; path = HistoricViewModel.swift; sourceTree = "<group>"; };
		64F2F33427221F3400030EF7 /* HistoricViewController.swift */ = {isa = PBXFileReference; lastKnownFileType = sourcecode.swift; path = HistoricViewController.swift; sourceTree = "<group>"; };
		64F2F3372722232E00030EF7 /* HistoricView.swift */ = {isa = PBXFileReference; lastKnownFileType = sourcecode.swift; path = HistoricView.swift; sourceTree = "<group>"; };
		64F2F3392722490300030EF7 /* RangoCustomCell.swift */ = {isa = PBXFileReference; lastKnownFileType = sourcecode.swift; path = RangoCustomCell.swift; sourceTree = "<group>"; };
		6692A9F92721F5D500C5E899 /* FilterViewController.swift */ = {isa = PBXFileReference; lastKnownFileType = sourcecode.swift; path = FilterViewController.swift; sourceTree = "<group>"; };
		6692A9FA2721F5D500C5E899 /* FilterViewController.xib */ = {isa = PBXFileReference; lastKnownFileType = file.xib; path = FilterViewController.xib; sourceTree = "<group>"; };
		6DC91890B304EE38E73BBA9A /* Pods-random-rango-random-rangoUITests.debug.xcconfig */ = {isa = PBXFileReference; includeInIndex = 1; lastKnownFileType = text.xcconfig; name = "Pods-random-rango-random-rangoUITests.debug.xcconfig"; path = "Target Support Files/Pods-random-rango-random-rangoUITests/Pods-random-rango-random-rangoUITests.debug.xcconfig"; sourceTree = "<group>"; };
		753FABCA6B8940F1465C62DE /* Pods_random_rango_random_rangoUITests.framework */ = {isa = PBXFileReference; explicitFileType = wrapper.framework; includeInIndex = 0; path = Pods_random_rango_random_rangoUITests.framework; sourceTree = BUILT_PRODUCTS_DIR; };
		7B01ADD6E5A2DCA9BFF76650 /* Pods_random_rango.framework */ = {isa = PBXFileReference; explicitFileType = wrapper.framework; includeInIndex = 0; path = Pods_random_rango.framework; sourceTree = BUILT_PRODUCTS_DIR; };
		7BAE58EDA509F031B7881A75 /* Pods-random-rango-random-rangoUITests.release.xcconfig */ = {isa = PBXFileReference; includeInIndex = 1; lastKnownFileType = text.xcconfig; name = "Pods-random-rango-random-rangoUITests.release.xcconfig"; path = "Target Support Files/Pods-random-rango-random-rangoUITests/Pods-random-rango-random-rangoUITests.release.xcconfig"; sourceTree = "<group>"; };
		DCCEB9162720F1D800B70846 /* SugestionViewController.swift */ = {isa = PBXFileReference; lastKnownFileType = sourcecode.swift; path = SugestionViewController.swift; sourceTree = "<group>"; };
		DCCEB9172720F1D800B70846 /* SugestionViewController.xib */ = {isa = PBXFileReference; lastKnownFileType = file.xib; path = SugestionViewController.xib; sourceTree = "<group>"; };
		ED7200E059B5F6F49D74E24F /* Pods-random-rango.debug.xcconfig */ = {isa = PBXFileReference; includeInIndex = 1; lastKnownFileType = text.xcconfig; name = "Pods-random-rango.debug.xcconfig"; path = "Target Support Files/Pods-random-rango/Pods-random-rango.debug.xcconfig"; sourceTree = "<group>"; };
		F967E77EB0593193027EFD90 /* Pods-random-rango.release.xcconfig */ = {isa = PBXFileReference; includeInIndex = 1; lastKnownFileType = text.xcconfig; name = "Pods-random-rango.release.xcconfig"; path = "Target Support Files/Pods-random-rango/Pods-random-rango.release.xcconfig"; sourceTree = "<group>"; };
/* End PBXFileReference section */

/* Begin PBXFrameworksBuildPhase section */
		5FC522F8271CFBD100DC2B7A /* Frameworks */ = {
			isa = PBXFrameworksBuildPhase;
			buildActionMask = 2147483647;
			files = (
				B1F809CE1B2D979F20A4C25E /* Pods_random_rango.framework in Frameworks */,
			);
			runOnlyForDeploymentPostprocessing = 0;
		};
		5FC5230E271CFBD200DC2B7A /* Frameworks */ = {
			isa = PBXFrameworksBuildPhase;
			buildActionMask = 2147483647;
			files = (
				871E11A9F5DA4A6D6A1EC37A /* Pods_random_rangoTests.framework in Frameworks */,
			);
			runOnlyForDeploymentPostprocessing = 0;
		};
		5FC52318271CFBD300DC2B7A /* Frameworks */ = {
			isa = PBXFrameworksBuildPhase;
			buildActionMask = 2147483647;
			files = (
				AC5CA1E474D18E4DAA41B481 /* Pods_random_rango_random_rangoUITests.framework in Frameworks */,
			);
			runOnlyForDeploymentPostprocessing = 0;
		};
/* End PBXFrameworksBuildPhase section */

/* Begin PBXGroup section */
		030D4CF12720E537007753D1 /* Register */ = {
			isa = PBXGroup;
			children = (
				030D4CF22720E573007753D1 /* RegisterViewController.swift */,
				030D4CF32720E573007753D1 /* RegisterViewController.xib */,
				030D4CF82720EA85007753D1 /* ExtensionUIView.swift */,
			);
			path = Register;
			sourceTree = "<group>";
		};
		5F64409D2731DFEC0096B597 /* ForgotPass */ = {
			isa = PBXGroup;
			children = (
				030D4D082723A21D007753D1 /* ForgotPasswordViewController.swift */,
				030D4D092723A21D007753D1 /* ForgotPasswordViewController.xib */,
				5F11E58427336C1F00320EF5 /* ForgotPassRouter.swift */,
			);
			path = ForgotPass;
			sourceTree = "<group>";
		};
		5F70D8F3271DED12002128A3 /* RouterTest */ = {
			isa = PBXGroup;
			children = (
				5F70D8F4271DED31002128A3 /* RouterTestViewController.swift */,
				5F70D8F5271DED31002128A3 /* RouterTestViewController.xib */,
			);
			path = RouterTest;
			sourceTree = "<group>";
		};
		5F90EE6727207555005EFE17 /* Intro */ = {
			isa = PBXGroup;
			children = (
				5F90EE682720756C005EFE17 /* IntroViewController.swift */,
				5F90EE692720756C005EFE17 /* IntroViewController.xib */,
				5F90EE6C27207587005EFE17 /* IntroRouter.swift */,
			);
			path = Intro;
			sourceTree = "<group>";
		};
		5FC522F2271CFBD100DC2B7A = {
			isa = PBXGroup;
			children = (
				5FC522FD271CFBD100DC2B7A /* random-rango */,
				5FC52314271CFBD200DC2B7A /* random-rangoTests */,
				5FC5231E271CFBD300DC2B7A /* random-rangoUITests */,
				5FC522FC271CFBD100DC2B7A /* Products */,
				DEE3DD1CD81779CE7C0CF7B3 /* Pods */,
				D77A9388CC55412763DB3508 /* Frameworks */,
			);
			sourceTree = "<group>";
		};
		5FC522FC271CFBD100DC2B7A /* Products */ = {
			isa = PBXGroup;
			children = (
				5FC522FB271CFBD100DC2B7A /* random-rango.app */,
				5FC52311271CFBD200DC2B7A /* random-rangoTests.xctest */,
				5FC5231B271CFBD300DC2B7A /* random-rangoUITests.xctest */,
			);
			name = Products;
			sourceTree = "<group>";
		};
		5FC522FD271CFBD100DC2B7A /* random-rango */ = {
			isa = PBXGroup;
			children = (
				5FC522FE271CFBD100DC2B7A /* AppDelegate.swift */,
				5FC52300271CFBD100DC2B7A /* SceneDelegate.swift */,
				5FC5232E271D059600DC2B7A /* Modules */,
				5FC52307271CFBD200DC2B7A /* Assets.xcassets */,
				5FC52309271CFBD200DC2B7A /* LaunchScreen.storyboard */,
				5FC5230C271CFBD200DC2B7A /* Info.plist */,
				5F32B5642759351C00DE7C48 /* GoogleService-Info.plist */,
			);
			path = "random-rango";
			sourceTree = "<group>";
		};
		5FC52314271CFBD200DC2B7A /* random-rangoTests */ = {
			isa = PBXGroup;
			children = (
				5FC52315271CFBD200DC2B7A /* random_rangoTests.swift */,
			);
			path = "random-rangoTests";
			sourceTree = "<group>";
		};
		5FC5231E271CFBD300DC2B7A /* random-rangoUITests */ = {
			isa = PBXGroup;
			children = (
				5FC5231F271CFBD300DC2B7A /* random_rangoUITests.swift */,
				5FC52321271CFBD300DC2B7A /* random_rangoUITestsLaunchTests.swift */,
			);
			path = "random-rangoUITests";
			sourceTree = "<group>";
		};
		5FC5232E271D059600DC2B7A /* Modules */ = {
			isa = PBXGroup;
			children = (
				5F64409D2731DFEC0096B597 /* ForgotPass */,
				5FEFDD4B27261B2F00FD7915 /* Login */,
				64F2F33327221F1E00030EF7 /* Historic */,
				6692A9F82721F55E00C5E899 /* Filter */,
				DCCEB9152720F1A800B70846 /* Sugestion */,
				030D4CF12720E537007753D1 /* Register */,
				5F90EE6727207555005EFE17 /* Intro */,
				5F70D8F3271DED12002128A3 /* RouterTest */,
				5FC52333271DC6F900DC2B7A /* Home */,
				64AB584427459B7F00438B16 /* CoreDataService.swift */,
			);
			path = Modules;
			sourceTree = "<group>";
		};
		5FC52333271DC6F900DC2B7A /* Home */ = {
			isa = PBXGroup;
			children = (
				5FC5233E271DD25E00DC2B7A /* Models */,
				5FC52334271DCE0E00DC2B7A /* Cells */,
				5FC5232F271D066700DC2B7A /* HomeViewController.swift */,
				5FC52330271D066700DC2B7A /* HomeViewController.xib */,
				5F70D8F1271DE3CB002128A3 /* HomeRouter.swift */,
			);
			path = Home;
			sourceTree = "<group>";
		};
		5FC52334271DCE0E00DC2B7A /* Cells */ = {
			isa = PBXGroup;
			children = (
				5FC52335271DCE6D00DC2B7A /* TextFieldCell.swift */,
				5FC52336271DCE6D00DC2B7A /* TextFieldCell.xib */,
				5FC52339271DCE7C00DC2B7A /* ButtonCell.swift */,
				5FC5233A271DCE7C00DC2B7A /* ButtonCell.xib */,
			);
			path = Cells;
			sourceTree = "<group>";
		};
		5FC5233E271DD25E00DC2B7A /* Models */ = {
			isa = PBXGroup;
			children = (
				5FC5233F271DD27700DC2B7A /* HomeSectionModel.swift */,
			);
			path = Models;
			sourceTree = "<group>";
		};
		5FEFDD4B27261B2F00FD7915 /* Login */ = {
			isa = PBXGroup;
			children = (
				5FEFDD4C27261B4C00FD7915 /* LoginViewController.swift */,
				5FEFDD4D27261B4C00FD7915 /* LoginViewController.xib */,
				5F683B9C27288126008E35AF /* LoginRouter.swift */,
				5F81187E275F9063006E377F /* LoginViewModel.swift */,
			);
			path = Login;
			sourceTree = "<group>";
		};
		6480E9A4272776A3008C230A /* Model */ = {
			isa = PBXGroup;
			children = (
				5F87E15827473F1A00591BA8 /* Restaurant.xcdatamodeld */,
				5F87E15627473F1A00591BA8 /* Restaurant+CoreDataClass.swift */,
				5F87E15727473F1A00591BA8 /* Restaurant+CoreDataProperties.swift */,
				6480E9A5272776BE008C230A /* Historic.swift */,
			);
			path = Model;
			sourceTree = "<group>";
		};
		64F2F33327221F1E00030EF7 /* Historic */ = {
			isa = PBXGroup;
			children = (
				6480E9A4272776A3008C230A /* Model */,
				64F2F3362722203A00030EF7 /* View */,
				64F2F33427221F3400030EF7 /* HistoricViewController.swift */,
				6480E9A7272786DA008C230A /* HistoricCell.swift */,
				64AB58552745ACB400438B16 /* HistoricViewModel.swift */,
			);
			path = Historic;
			sourceTree = "<group>";
		};
		64F2F3362722203A00030EF7 /* View */ = {
			isa = PBXGroup;
			children = (
				64F2F3372722232E00030EF7 /* HistoricView.swift */,
				64F2F3392722490300030EF7 /* RangoCustomCell.swift */,
			);
			path = View;
			sourceTree = "<group>";
		};
		6692A9F82721F55E00C5E899 /* Filter */ = {
			isa = PBXGroup;
			children = (
				6692A9F92721F5D500C5E899 /* FilterViewController.swift */,
				6692A9FA2721F5D500C5E899 /* FilterViewController.xib */,
				0390A06F272EDCAC00FB1B2F /* FilterModel.swift */,
				0390A072272EDD5A00FB1B2F /* FilterService.swift */,
				0390A074272EE2E100FB1B2F /* FilterViewModel.swift */,
				5F64409E2731E0960096B597 /* FilterRouter.swift */,
			);
			path = Filter;
			sourceTree = "<group>";
		};
		D77A9388CC55412763DB3508 /* Frameworks */ = {
			isa = PBXGroup;
			children = (
				7B01ADD6E5A2DCA9BFF76650 /* Pods_random_rango.framework */,
				753FABCA6B8940F1465C62DE /* Pods_random_rango_random_rangoUITests.framework */,
				2AFEF16147A4E4795FDB91A7 /* Pods_random_rangoTests.framework */,
			);
			name = Frameworks;
			sourceTree = "<group>";
		};
		DCCEB9152720F1A800B70846 /* Sugestion */ = {
			isa = PBXGroup;
			children = (
				DCCEB9162720F1D800B70846 /* SugestionViewController.swift */,
				DCCEB9172720F1D800B70846 /* SugestionViewController.xib */,
				0390A0762731705600FB1B2F /* SugestaoViewController.swift */,
				0390A0772731705600FB1B2F /* SugestaoViewController.xib */,
				5FE2E03927430A8E00445A83 /* SugestaoService.swift */,
				5FE2E03B27430AE000445A83 /* SugestaoViewModel.swift */,
			);
			path = Sugestion;
			sourceTree = "<group>";
		};
		DEE3DD1CD81779CE7C0CF7B3 /* Pods */ = {
			isa = PBXGroup;
			children = (
				ED7200E059B5F6F49D74E24F /* Pods-random-rango.debug.xcconfig */,
				F967E77EB0593193027EFD90 /* Pods-random-rango.release.xcconfig */,
				6DC91890B304EE38E73BBA9A /* Pods-random-rango-random-rangoUITests.debug.xcconfig */,
				7BAE58EDA509F031B7881A75 /* Pods-random-rango-random-rangoUITests.release.xcconfig */,
				0363157DB2CB1892415A7ACC /* Pods-random-rangoTests.debug.xcconfig */,
				1FFDAC11D759135ADF8F6FE5 /* Pods-random-rangoTests.release.xcconfig */,
			);
			path = Pods;
			sourceTree = "<group>";
		};
/* End PBXGroup section */

/* Begin PBXNativeTarget section */
		5FC522FA271CFBD100DC2B7A /* random-rango */ = {
			isa = PBXNativeTarget;
			buildConfigurationList = 5FC52325271CFBD300DC2B7A /* Build configuration list for PBXNativeTarget "random-rango" */;
			buildPhases = (
				F7BC2009F7C3C34C5B0A3418 /* [CP] Check Pods Manifest.lock */,
				5FC522F7271CFBD100DC2B7A /* Sources */,
				5FC522F8271CFBD100DC2B7A /* Frameworks */,
				5FC522F9271CFBD100DC2B7A /* Resources */,
				DD2413B1E7F4C93D55955C09 /* [CP] Embed Pods Frameworks */,
				AEBCED901AD1953C062236B6 /* [CP] Copy Pods Resources */,
			);
			buildRules = (
			);
			dependencies = (
			);
			name = "random-rango";
			productName = "random-rango";
			productReference = 5FC522FB271CFBD100DC2B7A /* random-rango.app */;
			productType = "com.apple.product-type.application";
		};
		5FC52310271CFBD200DC2B7A /* random-rangoTests */ = {
			isa = PBXNativeTarget;
			buildConfigurationList = 5FC52328271CFBD300DC2B7A /* Build configuration list for PBXNativeTarget "random-rangoTests" */;
			buildPhases = (
				59CC00B6B0E870F48CAA1374 /* [CP] Check Pods Manifest.lock */,
				5FC5230D271CFBD200DC2B7A /* Sources */,
				5FC5230E271CFBD200DC2B7A /* Frameworks */,
				5FC5230F271CFBD200DC2B7A /* Resources */,
			);
			buildRules = (
			);
			dependencies = (
				5FC52313271CFBD200DC2B7A /* PBXTargetDependency */,
			);
			name = "random-rangoTests";
			productName = "random-rangoTests";
			productReference = 5FC52311271CFBD200DC2B7A /* random-rangoTests.xctest */;
			productType = "com.apple.product-type.bundle.unit-test";
		};
		5FC5231A271CFBD300DC2B7A /* random-rangoUITests */ = {
			isa = PBXNativeTarget;
			buildConfigurationList = 5FC5232B271CFBD300DC2B7A /* Build configuration list for PBXNativeTarget "random-rangoUITests" */;
			buildPhases = (
				097B0246017D2F2A15D621E2 /* [CP] Check Pods Manifest.lock */,
				5FC52317271CFBD300DC2B7A /* Sources */,
				5FC52318271CFBD300DC2B7A /* Frameworks */,
				5FC52319271CFBD300DC2B7A /* Resources */,
				92AC12741A49580C201956BE /* [CP] Embed Pods Frameworks */,
				3F1BA24BF28C7F17FF1FCFE0 /* [CP] Copy Pods Resources */,
			);
			buildRules = (
			);
			dependencies = (
				5FC5231D271CFBD300DC2B7A /* PBXTargetDependency */,
			);
			name = "random-rangoUITests";
			productName = "random-rangoUITests";
			productReference = 5FC5231B271CFBD300DC2B7A /* random-rangoUITests.xctest */;
			productType = "com.apple.product-type.bundle.ui-testing";
		};
/* End PBXNativeTarget section */

/* Begin PBXProject section */
		5FC522F3271CFBD100DC2B7A /* Project object */ = {
			isa = PBXProject;
			attributes = {
				BuildIndependentTargetsInParallel = 1;
				LastSwiftUpdateCheck = 1300;
				LastUpgradeCheck = 1300;
				TargetAttributes = {
					5FC522FA271CFBD100DC2B7A = {
						CreatedOnToolsVersion = 13.0;
					};
					5FC52310271CFBD200DC2B7A = {
						CreatedOnToolsVersion = 13.0;
						TestTargetID = 5FC522FA271CFBD100DC2B7A;
					};
					5FC5231A271CFBD300DC2B7A = {
						CreatedOnToolsVersion = 13.0;
						TestTargetID = 5FC522FA271CFBD100DC2B7A;
					};
				};
			};
			buildConfigurationList = 5FC522F6271CFBD100DC2B7A /* Build configuration list for PBXProject "random-rango" */;
			compatibilityVersion = "Xcode 13.0";
			developmentRegion = en;
			hasScannedForEncodings = 0;
			knownRegions = (
				en,
				Base,
			);
			mainGroup = 5FC522F2271CFBD100DC2B7A;
			productRefGroup = 5FC522FC271CFBD100DC2B7A /* Products */;
			projectDirPath = "";
			projectRoot = "";
			targets = (
				5FC522FA271CFBD100DC2B7A /* random-rango */,
				5FC52310271CFBD200DC2B7A /* random-rangoTests */,
				5FC5231A271CFBD300DC2B7A /* random-rangoUITests */,
			);
		};
/* End PBXProject section */

/* Begin PBXResourcesBuildPhase section */
		5FC522F9271CFBD100DC2B7A /* Resources */ = {
			isa = PBXResourcesBuildPhase;
			buildActionMask = 2147483647;
			files = (
				6692A9FC2721F5D500C5E899 /* FilterViewController.xib in Resources */,
				5FC5230B271CFBD200DC2B7A /* LaunchScreen.storyboard in Resources */,
				5FC52308271CFBD200DC2B7A /* Assets.xcassets in Resources */,
				5FC5233C271DCE7C00DC2B7A /* ButtonCell.xib in Resources */,
				5FC52332271D066700DC2B7A /* HomeViewController.xib in Resources */,
				5F90EE6B2720756C005EFE17 /* IntroViewController.xib in Resources */,
				5FC52338271DCE6D00DC2B7A /* TextFieldCell.xib in Resources */,
				5F70D8F7271DED31002128A3 /* RouterTestViewController.xib in Resources */,
				5FEFDD4F27261B4C00FD7915 /* LoginViewController.xib in Resources */,
				030D4D0B2723A21D007753D1 /* ForgotPasswordViewController.xib in Resources */,
				030D4CF52720E573007753D1 /* RegisterViewController.xib in Resources */,
				DCCEB9192720F1D800B70846 /* SugestionViewController.xib in Resources */,
				0390A0792731705600FB1B2F /* SugestaoViewController.xib in Resources */,
				5F32B5652759351C00DE7C48 /* GoogleService-Info.plist in Resources */,
			);
			runOnlyForDeploymentPostprocessing = 0;
		};
		5FC5230F271CFBD200DC2B7A /* Resources */ = {
			isa = PBXResourcesBuildPhase;
			buildActionMask = 2147483647;
			files = (
			);
			runOnlyForDeploymentPostprocessing = 0;
		};
		5FC52319271CFBD300DC2B7A /* Resources */ = {
			isa = PBXResourcesBuildPhase;
			buildActionMask = 2147483647;
			files = (
			);
			runOnlyForDeploymentPostprocessing = 0;
		};
/* End PBXResourcesBuildPhase section */

/* Begin PBXShellScriptBuildPhase section */
		097B0246017D2F2A15D621E2 /* [CP] Check Pods Manifest.lock */ = {
			isa = PBXShellScriptBuildPhase;
			buildActionMask = 2147483647;
			files = (
			);
			inputFileListPaths = (
			);
			inputPaths = (
				"${PODS_PODFILE_DIR_PATH}/Podfile.lock",
				"${PODS_ROOT}/Manifest.lock",
			);
			name = "[CP] Check Pods Manifest.lock";
			outputFileListPaths = (
			);
			outputPaths = (
				"$(DERIVED_FILE_DIR)/Pods-random-rango-random-rangoUITests-checkManifestLockResult.txt",
			);
			runOnlyForDeploymentPostprocessing = 0;
			shellPath = /bin/sh;
			shellScript = "diff \"${PODS_PODFILE_DIR_PATH}/Podfile.lock\" \"${PODS_ROOT}/Manifest.lock\" > /dev/null\nif [ $? != 0 ] ; then\n    # print error to STDERR\n    echo \"error: The sandbox is not in sync with the Podfile.lock. Run 'pod install' or update your CocoaPods installation.\" >&2\n    exit 1\nfi\n# This output is used by Xcode 'outputs' to avoid re-running this script phase.\necho \"SUCCESS\" > \"${SCRIPT_OUTPUT_FILE_0}\"\n";
			showEnvVarsInLog = 0;
		};
		3F1BA24BF28C7F17FF1FCFE0 /* [CP] Copy Pods Resources */ = {
			isa = PBXShellScriptBuildPhase;
			buildActionMask = 2147483647;
			files = (
			);
			inputFileListPaths = (
				"${PODS_ROOT}/Target Support Files/Pods-random-rango-random-rangoUITests/Pods-random-rango-random-rangoUITests-resources-${CONFIGURATION}-input-files.xcfilelist",
			);
			name = "[CP] Copy Pods Resources";
			outputFileListPaths = (
				"${PODS_ROOT}/Target Support Files/Pods-random-rango-random-rangoUITests/Pods-random-rango-random-rangoUITests-resources-${CONFIGURATION}-output-files.xcfilelist",
			);
			runOnlyForDeploymentPostprocessing = 0;
			shellPath = /bin/sh;
			shellScript = "\"${PODS_ROOT}/Target Support Files/Pods-random-rango-random-rangoUITests/Pods-random-rango-random-rangoUITests-resources.sh\"\n";
			showEnvVarsInLog = 0;
		};
		59CC00B6B0E870F48CAA1374 /* [CP] Check Pods Manifest.lock */ = {
			isa = PBXShellScriptBuildPhase;
			buildActionMask = 2147483647;
			files = (
			);
			inputFileListPaths = (
			);
			inputPaths = (
				"${PODS_PODFILE_DIR_PATH}/Podfile.lock",
				"${PODS_ROOT}/Manifest.lock",
			);
			name = "[CP] Check Pods Manifest.lock";
			outputFileListPaths = (
			);
			outputPaths = (
				"$(DERIVED_FILE_DIR)/Pods-random-rangoTests-checkManifestLockResult.txt",
			);
			runOnlyForDeploymentPostprocessing = 0;
			shellPath = /bin/sh;
			shellScript = "diff \"${PODS_PODFILE_DIR_PATH}/Podfile.lock\" \"${PODS_ROOT}/Manifest.lock\" > /dev/null\nif [ $? != 0 ] ; then\n    # print error to STDERR\n    echo \"error: The sandbox is not in sync with the Podfile.lock. Run 'pod install' or update your CocoaPods installation.\" >&2\n    exit 1\nfi\n# This output is used by Xcode 'outputs' to avoid re-running this script phase.\necho \"SUCCESS\" > \"${SCRIPT_OUTPUT_FILE_0}\"\n";
			showEnvVarsInLog = 0;
		};
		92AC12741A49580C201956BE /* [CP] Embed Pods Frameworks */ = {
			isa = PBXShellScriptBuildPhase;
			buildActionMask = 2147483647;
			files = (
			);
			inputFileListPaths = (
				"${PODS_ROOT}/Target Support Files/Pods-random-rango-random-rangoUITests/Pods-random-rango-random-rangoUITests-frameworks-${CONFIGURATION}-input-files.xcfilelist",
			);
			name = "[CP] Embed Pods Frameworks";
			outputFileListPaths = (
				"${PODS_ROOT}/Target Support Files/Pods-random-rango-random-rangoUITests/Pods-random-rango-random-rangoUITests-frameworks-${CONFIGURATION}-output-files.xcfilelist",
			);
			runOnlyForDeploymentPostprocessing = 0;
			shellPath = /bin/sh;
			shellScript = "\"${PODS_ROOT}/Target Support Files/Pods-random-rango-random-rangoUITests/Pods-random-rango-random-rangoUITests-frameworks.sh\"\n";
			showEnvVarsInLog = 0;
		};
		AEBCED901AD1953C062236B6 /* [CP] Copy Pods Resources */ = {
			isa = PBXShellScriptBuildPhase;
			buildActionMask = 2147483647;
			files = (
			);
			inputFileListPaths = (
				"${PODS_ROOT}/Target Support Files/Pods-random-rango/Pods-random-rango-resources-${CONFIGURATION}-input-files.xcfilelist",
			);
			name = "[CP] Copy Pods Resources";
			outputFileListPaths = (
				"${PODS_ROOT}/Target Support Files/Pods-random-rango/Pods-random-rango-resources-${CONFIGURATION}-output-files.xcfilelist",
			);
			runOnlyForDeploymentPostprocessing = 0;
			shellPath = /bin/sh;
			shellScript = "\"${PODS_ROOT}/Target Support Files/Pods-random-rango/Pods-random-rango-resources.sh\"\n";
			showEnvVarsInLog = 0;
		};
		DD2413B1E7F4C93D55955C09 /* [CP] Embed Pods Frameworks */ = {
			isa = PBXShellScriptBuildPhase;
			buildActionMask = 2147483647;
			files = (
			);
			inputFileListPaths = (
				"${PODS_ROOT}/Target Support Files/Pods-random-rango/Pods-random-rango-frameworks-${CONFIGURATION}-input-files.xcfilelist",
			);
			name = "[CP] Embed Pods Frameworks";
			outputFileListPaths = (
				"${PODS_ROOT}/Target Support Files/Pods-random-rango/Pods-random-rango-frameworks-${CONFIGURATION}-output-files.xcfilelist",
			);
			runOnlyForDeploymentPostprocessing = 0;
			shellPath = /bin/sh;
			shellScript = "\"${PODS_ROOT}/Target Support Files/Pods-random-rango/Pods-random-rango-frameworks.sh\"\n";
			showEnvVarsInLog = 0;
		};
		F7BC2009F7C3C34C5B0A3418 /* [CP] Check Pods Manifest.lock */ = {
			isa = PBXShellScriptBuildPhase;
			buildActionMask = 2147483647;
			files = (
			);
			inputFileListPaths = (
			);
			inputPaths = (
				"${PODS_PODFILE_DIR_PATH}/Podfile.lock",
				"${PODS_ROOT}/Manifest.lock",
			);
			name = "[CP] Check Pods Manifest.lock";
			outputFileListPaths = (
			);
			outputPaths = (
				"$(DERIVED_FILE_DIR)/Pods-random-rango-checkManifestLockResult.txt",
			);
			runOnlyForDeploymentPostprocessing = 0;
			shellPath = /bin/sh;
			shellScript = "diff \"${PODS_PODFILE_DIR_PATH}/Podfile.lock\" \"${PODS_ROOT}/Manifest.lock\" > /dev/null\nif [ $? != 0 ] ; then\n    # print error to STDERR\n    echo \"error: The sandbox is not in sync with the Podfile.lock. Run 'pod install' or update your CocoaPods installation.\" >&2\n    exit 1\nfi\n# This output is used by Xcode 'outputs' to avoid re-running this script phase.\necho \"SUCCESS\" > \"${SCRIPT_OUTPUT_FILE_0}\"\n";
			showEnvVarsInLog = 0;
		};
/* End PBXShellScriptBuildPhase section */

/* Begin PBXSourcesBuildPhase section */
		5FC522F7271CFBD100DC2B7A /* Sources */ = {
			isa = PBXSourcesBuildPhase;
			buildActionMask = 2147483647;
			files = (
				6692A9FB2721F5D500C5E899 /* FilterViewController.swift in Sources */,
				0390A073272EDD5A00FB1B2F /* FilterService.swift in Sources */,
				5F90EE6A2720756C005EFE17 /* IntroViewController.swift in Sources */,
				030D4CF42720E573007753D1 /* RegisterViewController.swift in Sources */,
				0390A070272EDCAC00FB1B2F /* FilterModel.swift in Sources */,
				5FE2E03C27430AE000445A83 /* SugestaoViewModel.swift in Sources */,
				5FC52340271DD27700DC2B7A /* HomeSectionModel.swift in Sources */,
				5F70D8F6271DED31002128A3 /* RouterTestViewController.swift in Sources */,
				5F81187F275F9063006E377F /* LoginViewModel.swift in Sources */,
				64AB58562745ACB400438B16 /* HistoricViewModel.swift in Sources */,
				5F683B9D27288126008E35AF /* LoginRouter.swift in Sources */,
				5FE2E03A27430A8E00445A83 /* SugestaoService.swift in Sources */,
				5F90EE6D27207587005EFE17 /* IntroRouter.swift in Sources */,
				5FC522FF271CFBD100DC2B7A /* AppDelegate.swift in Sources */,
				DCCEB9182720F1D800B70846 /* SugestionViewController.swift in Sources */,
				5FEFDD4E27261B4C00FD7915 /* LoginViewController.swift in Sources */,
				030D4CF92720EA85007753D1 /* ExtensionUIView.swift in Sources */,
				5F87E15B27473F1A00591BA8 /* Restaurant+CoreDataProperties.swift in Sources */,
				6480E9A8272786DA008C230A /* HistoricCell.swift in Sources */,
				64F2F33A2722490300030EF7 /* RangoCustomCell.swift in Sources */,
				0390A075272EE2E100FB1B2F /* FilterViewModel.swift in Sources */,
				5F70D8F2271DE3CB002128A3 /* HomeRouter.swift in Sources */,
				5FC52301271CFBD100DC2B7A /* SceneDelegate.swift in Sources */,
				030D4D0A2723A21D007753D1 /* ForgotPasswordViewController.swift in Sources */,
				5FC52331271D066700DC2B7A /* HomeViewController.swift in Sources */,
				5F87E15A27473F1A00591BA8 /* Restaurant+CoreDataClass.swift in Sources */,
				5F87E15C27473F1A00591BA8 /* Restaurant.xcdatamodeld in Sources */,
				64AB584527459B7F00438B16 /* CoreDataService.swift in Sources */,
				64F2F33527221F3400030EF7 /* HistoricViewController.swift in Sources */,
				64F2F3382722232E00030EF7 /* HistoricView.swift in Sources */,
				5F11E58527336C1F00320EF5 /* ForgotPassRouter.swift in Sources */,
				0390A0782731705600FB1B2F /* SugestaoViewController.swift in Sources */,
				5F64409F2731E0960096B597 /* FilterRouter.swift in Sources */,
				5FC5233B271DCE7C00DC2B7A /* ButtonCell.swift in Sources */,
				5FC52337271DCE6D00DC2B7A /* TextFieldCell.swift in Sources */,
				6480E9A6272776BE008C230A /* Historic.swift in Sources */,
			);
			runOnlyForDeploymentPostprocessing = 0;
		};
		5FC5230D271CFBD200DC2B7A /* Sources */ = {
			isa = PBXSourcesBuildPhase;
			buildActionMask = 2147483647;
			files = (
				5FC52316271CFBD200DC2B7A /* random_rangoTests.swift in Sources */,
			);
			runOnlyForDeploymentPostprocessing = 0;
		};
		5FC52317271CFBD300DC2B7A /* Sources */ = {
			isa = PBXSourcesBuildPhase;
			buildActionMask = 2147483647;
			files = (
				5FC52320271CFBD300DC2B7A /* random_rangoUITests.swift in Sources */,
				5FC52322271CFBD300DC2B7A /* random_rangoUITestsLaunchTests.swift in Sources */,
			);
			runOnlyForDeploymentPostprocessing = 0;
		};
/* End PBXSourcesBuildPhase section */

/* Begin PBXTargetDependency section */
		5FC52313271CFBD200DC2B7A /* PBXTargetDependency */ = {
			isa = PBXTargetDependency;
			target = 5FC522FA271CFBD100DC2B7A /* random-rango */;
			targetProxy = 5FC52312271CFBD200DC2B7A /* PBXContainerItemProxy */;
		};
		5FC5231D271CFBD300DC2B7A /* PBXTargetDependency */ = {
			isa = PBXTargetDependency;
			target = 5FC522FA271CFBD100DC2B7A /* random-rango */;
			targetProxy = 5FC5231C271CFBD300DC2B7A /* PBXContainerItemProxy */;
		};
/* End PBXTargetDependency section */

/* Begin PBXVariantGroup section */
		5FC52309271CFBD200DC2B7A /* LaunchScreen.storyboard */ = {
			isa = PBXVariantGroup;
			children = (
				5FC5230A271CFBD200DC2B7A /* Base */,
			);
			name = LaunchScreen.storyboard;
			sourceTree = "<group>";
		};
/* End PBXVariantGroup section */

/* Begin XCBuildConfiguration section */
		5FC52323271CFBD300DC2B7A /* Debug */ = {
			isa = XCBuildConfiguration;
			buildSettings = {
				ALWAYS_SEARCH_USER_PATHS = NO;
				CLANG_ANALYZER_NONNULL = YES;
				CLANG_ANALYZER_NUMBER_OBJECT_CONVERSION = YES_AGGRESSIVE;
				CLANG_CXX_LANGUAGE_STANDARD = "gnu++17";
				CLANG_CXX_LIBRARY = "libc++";
				CLANG_ENABLE_MODULES = YES;
				CLANG_ENABLE_OBJC_ARC = YES;
				CLANG_ENABLE_OBJC_WEAK = YES;
				CLANG_WARN_BLOCK_CAPTURE_AUTORELEASING = YES;
				CLANG_WARN_BOOL_CONVERSION = YES;
				CLANG_WARN_COMMA = YES;
				CLANG_WARN_CONSTANT_CONVERSION = YES;
				CLANG_WARN_DEPRECATED_OBJC_IMPLEMENTATIONS = YES;
				CLANG_WARN_DIRECT_OBJC_ISA_USAGE = YES_ERROR;
				CLANG_WARN_DOCUMENTATION_COMMENTS = YES;
				CLANG_WARN_EMPTY_BODY = YES;
				CLANG_WARN_ENUM_CONVERSION = YES;
				CLANG_WARN_INFINITE_RECURSION = YES;
				CLANG_WARN_INT_CONVERSION = YES;
				CLANG_WARN_NON_LITERAL_NULL_CONVERSION = YES;
				CLANG_WARN_OBJC_IMPLICIT_RETAIN_SELF = YES;
				CLANG_WARN_OBJC_LITERAL_CONVERSION = YES;
				CLANG_WARN_OBJC_ROOT_CLASS = YES_ERROR;
				CLANG_WARN_QUOTED_INCLUDE_IN_FRAMEWORK_HEADER = YES;
				CLANG_WARN_RANGE_LOOP_ANALYSIS = YES;
				CLANG_WARN_STRICT_PROTOTYPES = YES;
				CLANG_WARN_SUSPICIOUS_MOVE = YES;
				CLANG_WARN_UNGUARDED_AVAILABILITY = YES_AGGRESSIVE;
				CLANG_WARN_UNREACHABLE_CODE = YES;
				CLANG_WARN__DUPLICATE_METHOD_MATCH = YES;
				COPY_PHASE_STRIP = NO;
				DEBUG_INFORMATION_FORMAT = dwarf;
				ENABLE_STRICT_OBJC_MSGSEND = YES;
				ENABLE_TESTABILITY = YES;
				GCC_C_LANGUAGE_STANDARD = gnu11;
				GCC_DYNAMIC_NO_PIC = NO;
				GCC_NO_COMMON_BLOCKS = YES;
				GCC_OPTIMIZATION_LEVEL = 0;
				GCC_PREPROCESSOR_DEFINITIONS = (
					"DEBUG=1",
					"$(inherited)",
				);
				GCC_WARN_64_TO_32_BIT_CONVERSION = YES;
				GCC_WARN_ABOUT_RETURN_TYPE = YES_ERROR;
				GCC_WARN_UNDECLARED_SELECTOR = YES;
				GCC_WARN_UNINITIALIZED_AUTOS = YES_AGGRESSIVE;
				GCC_WARN_UNUSED_FUNCTION = YES;
				GCC_WARN_UNUSED_VARIABLE = YES;
				IPHONEOS_DEPLOYMENT_TARGET = 15.0;
				MTL_ENABLE_DEBUG_INFO = INCLUDE_SOURCE;
				MTL_FAST_MATH = YES;
				ONLY_ACTIVE_ARCH = YES;
				SDKROOT = iphoneos;
				SWIFT_ACTIVE_COMPILATION_CONDITIONS = DEBUG;
				SWIFT_OPTIMIZATION_LEVEL = "-Onone";
			};
			name = Debug;
		};
		5FC52324271CFBD300DC2B7A /* Release */ = {
			isa = XCBuildConfiguration;
			buildSettings = {
				ALWAYS_SEARCH_USER_PATHS = NO;
				CLANG_ANALYZER_NONNULL = YES;
				CLANG_ANALYZER_NUMBER_OBJECT_CONVERSION = YES_AGGRESSIVE;
				CLANG_CXX_LANGUAGE_STANDARD = "gnu++17";
				CLANG_CXX_LIBRARY = "libc++";
				CLANG_ENABLE_MODULES = YES;
				CLANG_ENABLE_OBJC_ARC = YES;
				CLANG_ENABLE_OBJC_WEAK = YES;
				CLANG_WARN_BLOCK_CAPTURE_AUTORELEASING = YES;
				CLANG_WARN_BOOL_CONVERSION = YES;
				CLANG_WARN_COMMA = YES;
				CLANG_WARN_CONSTANT_CONVERSION = YES;
				CLANG_WARN_DEPRECATED_OBJC_IMPLEMENTATIONS = YES;
				CLANG_WARN_DIRECT_OBJC_ISA_USAGE = YES_ERROR;
				CLANG_WARN_DOCUMENTATION_COMMENTS = YES;
				CLANG_WARN_EMPTY_BODY = YES;
				CLANG_WARN_ENUM_CONVERSION = YES;
				CLANG_WARN_INFINITE_RECURSION = YES;
				CLANG_WARN_INT_CONVERSION = YES;
				CLANG_WARN_NON_LITERAL_NULL_CONVERSION = YES;
				CLANG_WARN_OBJC_IMPLICIT_RETAIN_SELF = YES;
				CLANG_WARN_OBJC_LITERAL_CONVERSION = YES;
				CLANG_WARN_OBJC_ROOT_CLASS = YES_ERROR;
				CLANG_WARN_QUOTED_INCLUDE_IN_FRAMEWORK_HEADER = YES;
				CLANG_WARN_RANGE_LOOP_ANALYSIS = YES;
				CLANG_WARN_STRICT_PROTOTYPES = YES;
				CLANG_WARN_SUSPICIOUS_MOVE = YES;
				CLANG_WARN_UNGUARDED_AVAILABILITY = YES_AGGRESSIVE;
				CLANG_WARN_UNREACHABLE_CODE = YES;
				CLANG_WARN__DUPLICATE_METHOD_MATCH = YES;
				COPY_PHASE_STRIP = NO;
				DEBUG_INFORMATION_FORMAT = "dwarf-with-dsym";
				ENABLE_NS_ASSERTIONS = NO;
				ENABLE_STRICT_OBJC_MSGSEND = YES;
				GCC_C_LANGUAGE_STANDARD = gnu11;
				GCC_NO_COMMON_BLOCKS = YES;
				GCC_WARN_64_TO_32_BIT_CONVERSION = YES;
				GCC_WARN_ABOUT_RETURN_TYPE = YES_ERROR;
				GCC_WARN_UNDECLARED_SELECTOR = YES;
				GCC_WARN_UNINITIALIZED_AUTOS = YES_AGGRESSIVE;
				GCC_WARN_UNUSED_FUNCTION = YES;
				GCC_WARN_UNUSED_VARIABLE = YES;
				IPHONEOS_DEPLOYMENT_TARGET = 15.0;
				MTL_ENABLE_DEBUG_INFO = NO;
				MTL_FAST_MATH = YES;
				SDKROOT = iphoneos;
				SWIFT_COMPILATION_MODE = wholemodule;
				SWIFT_OPTIMIZATION_LEVEL = "-O";
				VALIDATE_PRODUCT = YES;
			};
			name = Release;
		};
		5FC52326271CFBD300DC2B7A /* Debug */ = {
			isa = XCBuildConfiguration;
			baseConfigurationReference = ED7200E059B5F6F49D74E24F /* Pods-random-rango.debug.xcconfig */;
			buildSettings = {
				ASSETCATALOG_COMPILER_APPICON_NAME = AppIcon;
				ASSETCATALOG_COMPILER_GLOBAL_ACCENT_COLOR_NAME = AccentColor;
				CODE_SIGN_STYLE = Automatic;
				CURRENT_PROJECT_VERSION = 1;
				DEVELOPMENT_TEAM = RHFD8C7QH9;
				GENERATE_INFOPLIST_FILE = YES;
				INFOPLIST_FILE = "random-rango/Info.plist";
				INFOPLIST_KEY_UIApplicationSupportsIndirectInputEvents = YES;
				INFOPLIST_KEY_UILaunchStoryboardName = LaunchScreen;
				INFOPLIST_KEY_UIMainStoryboardFile = "";
				INFOPLIST_KEY_UISupportedInterfaceOrientations_iPad = "UIInterfaceOrientationPortrait UIInterfaceOrientationPortraitUpsideDown UIInterfaceOrientationLandscapeLeft UIInterfaceOrientationLandscapeRight";
				INFOPLIST_KEY_UISupportedInterfaceOrientations_iPhone = "UIInterfaceOrientationPortrait UIInterfaceOrientationLandscapeLeft UIInterfaceOrientationLandscapeRight";
				LD_RUNPATH_SEARCH_PATHS = (
					"$(inherited)",
					"@executable_path/Frameworks",
				);
				MARKETING_VERSION = 1.0;
				PRODUCT_BUNDLE_IDENTIFIER = "com.renatoruiz.random-rango";
				PRODUCT_NAME = "$(TARGET_NAME)";
				SWIFT_EMIT_LOC_STRINGS = YES;
				SWIFT_VERSION = 5.0;
				TARGETED_DEVICE_FAMILY = "1,2";
			};
			name = Debug;
		};
		5FC52327271CFBD300DC2B7A /* Release */ = {
			isa = XCBuildConfiguration;
			baseConfigurationReference = F967E77EB0593193027EFD90 /* Pods-random-rango.release.xcconfig */;
			buildSettings = {
				ASSETCATALOG_COMPILER_APPICON_NAME = AppIcon;
				ASSETCATALOG_COMPILER_GLOBAL_ACCENT_COLOR_NAME = AccentColor;
				CODE_SIGN_STYLE = Automatic;
				CURRENT_PROJECT_VERSION = 1;
				DEVELOPMENT_TEAM = RHFD8C7QH9;
				GENERATE_INFOPLIST_FILE = YES;
				INFOPLIST_FILE = "random-rango/Info.plist";
				INFOPLIST_KEY_UIApplicationSupportsIndirectInputEvents = YES;
				INFOPLIST_KEY_UILaunchStoryboardName = LaunchScreen;
				INFOPLIST_KEY_UIMainStoryboardFile = "";
				INFOPLIST_KEY_UISupportedInterfaceOrientations_iPad = "UIInterfaceOrientationPortrait UIInterfaceOrientationPortraitUpsideDown UIInterfaceOrientationLandscapeLeft UIInterfaceOrientationLandscapeRight";
				INFOPLIST_KEY_UISupportedInterfaceOrientations_iPhone = "UIInterfaceOrientationPortrait UIInterfaceOrientationLandscapeLeft UIInterfaceOrientationLandscapeRight";
				LD_RUNPATH_SEARCH_PATHS = (
					"$(inherited)",
					"@executable_path/Frameworks",
				);
				MARKETING_VERSION = 1.0;
				PRODUCT_BUNDLE_IDENTIFIER = "com.renatoruiz.random-rango";
				PRODUCT_NAME = "$(TARGET_NAME)";
				SWIFT_EMIT_LOC_STRINGS = YES;
				SWIFT_VERSION = 5.0;
				TARGETED_DEVICE_FAMILY = "1,2";
			};
			name = Release;
		};
		5FC52329271CFBD300DC2B7A /* Debug */ = {
			isa = XCBuildConfiguration;
			baseConfigurationReference = 0363157DB2CB1892415A7ACC /* Pods-random-rangoTests.debug.xcconfig */;
			buildSettings = {
				ALWAYS_EMBED_SWIFT_STANDARD_LIBRARIES = YES;
				BUNDLE_LOADER = "$(TEST_HOST)";
				CODE_SIGN_STYLE = Automatic;
				CURRENT_PROJECT_VERSION = 1;
				DEVELOPMENT_TEAM = RHFD8C7QH9;
				GENERATE_INFOPLIST_FILE = YES;
				IPHONEOS_DEPLOYMENT_TARGET = 15.0;
				LD_RUNPATH_SEARCH_PATHS = (
					"$(inherited)",
					"@executable_path/Frameworks",
					"@loader_path/Frameworks",
				);
				MARKETING_VERSION = 1.0;
				PRODUCT_BUNDLE_IDENTIFIER = "com.renatoruiz.random-rangoTests";
				PRODUCT_NAME = "$(TARGET_NAME)";
				SWIFT_EMIT_LOC_STRINGS = NO;
				SWIFT_VERSION = 5.0;
				TARGETED_DEVICE_FAMILY = "1,2";
				TEST_HOST = "$(BUILT_PRODUCTS_DIR)/random-rango.app/random-rango";
			};
			name = Debug;
		};
		5FC5232A271CFBD300DC2B7A /* Release */ = {
			isa = XCBuildConfiguration;
			baseConfigurationReference = 1FFDAC11D759135ADF8F6FE5 /* Pods-random-rangoTests.release.xcconfig */;
			buildSettings = {
				ALWAYS_EMBED_SWIFT_STANDARD_LIBRARIES = YES;
				BUNDLE_LOADER = "$(TEST_HOST)";
				CODE_SIGN_STYLE = Automatic;
				CURRENT_PROJECT_VERSION = 1;
				DEVELOPMENT_TEAM = RHFD8C7QH9;
				GENERATE_INFOPLIST_FILE = YES;
				IPHONEOS_DEPLOYMENT_TARGET = 15.0;
				LD_RUNPATH_SEARCH_PATHS = (
					"$(inherited)",
					"@executable_path/Frameworks",
					"@loader_path/Frameworks",
				);
				MARKETING_VERSION = 1.0;
				PRODUCT_BUNDLE_IDENTIFIER = "com.renatoruiz.random-rangoTests";
				PRODUCT_NAME = "$(TARGET_NAME)";
				SWIFT_EMIT_LOC_STRINGS = NO;
				SWIFT_VERSION = 5.0;
				TARGETED_DEVICE_FAMILY = "1,2";
				TEST_HOST = "$(BUILT_PRODUCTS_DIR)/random-rango.app/random-rango";
			};
			name = Release;
		};
		5FC5232C271CFBD300DC2B7A /* Debug */ = {
			isa = XCBuildConfiguration;
			baseConfigurationReference = 6DC91890B304EE38E73BBA9A /* Pods-random-rango-random-rangoUITests.debug.xcconfig */;
			buildSettings = {
				ALWAYS_EMBED_SWIFT_STANDARD_LIBRARIES = YES;
				CODE_SIGN_STYLE = Automatic;
				CURRENT_PROJECT_VERSION = 1;
				DEVELOPMENT_TEAM = RHFD8C7QH9;
				GENERATE_INFOPLIST_FILE = YES;
				LD_RUNPATH_SEARCH_PATHS = (
					"$(inherited)",
					"@executable_path/Frameworks",
					"@loader_path/Frameworks",
				);
				MARKETING_VERSION = 1.0;
				PRODUCT_BUNDLE_IDENTIFIER = "com.renatoruiz.random-rangoUITests";
				PRODUCT_NAME = "$(TARGET_NAME)";
				SWIFT_EMIT_LOC_STRINGS = NO;
				SWIFT_VERSION = 5.0;
				TARGETED_DEVICE_FAMILY = "1,2";
				TEST_TARGET_NAME = "random-rango";
			};
			name = Debug;
		};
		5FC5232D271CFBD300DC2B7A /* Release */ = {
			isa = XCBuildConfiguration;
			baseConfigurationReference = 7BAE58EDA509F031B7881A75 /* Pods-random-rango-random-rangoUITests.release.xcconfig */;
			buildSettings = {
				ALWAYS_EMBED_SWIFT_STANDARD_LIBRARIES = YES;
				CODE_SIGN_STYLE = Automatic;
				CURRENT_PROJECT_VERSION = 1;
				DEVELOPMENT_TEAM = RHFD8C7QH9;
				GENERATE_INFOPLIST_FILE = YES;
				LD_RUNPATH_SEARCH_PATHS = (
					"$(inherited)",
					"@executable_path/Frameworks",
					"@loader_path/Frameworks",
				);
				MARKETING_VERSION = 1.0;
				PRODUCT_BUNDLE_IDENTIFIER = "com.renatoruiz.random-rangoUITests";
				PRODUCT_NAME = "$(TARGET_NAME)";
				SWIFT_EMIT_LOC_STRINGS = NO;
				SWIFT_VERSION = 5.0;
				TARGETED_DEVICE_FAMILY = "1,2";
				TEST_TARGET_NAME = "random-rango";
			};
			name = Release;
		};
/* End XCBuildConfiguration section */

/* Begin XCConfigurationList section */
		5FC522F6271CFBD100DC2B7A /* Build configuration list for PBXProject "random-rango" */ = {
			isa = XCConfigurationList;
			buildConfigurations = (
				5FC52323271CFBD300DC2B7A /* Debug */,
				5FC52324271CFBD300DC2B7A /* Release */,
			);
			defaultConfigurationIsVisible = 0;
			defaultConfigurationName = Release;
		};
		5FC52325271CFBD300DC2B7A /* Build configuration list for PBXNativeTarget "random-rango" */ = {
			isa = XCConfigurationList;
			buildConfigurations = (
				5FC52326271CFBD300DC2B7A /* Debug */,
				5FC52327271CFBD300DC2B7A /* Release */,
			);
			defaultConfigurationIsVisible = 0;
			defaultConfigurationName = Release;
		};
		5FC52328271CFBD300DC2B7A /* Build configuration list for PBXNativeTarget "random-rangoTests" */ = {
			isa = XCConfigurationList;
			buildConfigurations = (
				5FC52329271CFBD300DC2B7A /* Debug */,
				5FC5232A271CFBD300DC2B7A /* Release */,
			);
			defaultConfigurationIsVisible = 0;
			defaultConfigurationName = Release;
		};
		5FC5232B271CFBD300DC2B7A /* Build configuration list for PBXNativeTarget "random-rangoUITests" */ = {
			isa = XCConfigurationList;
			buildConfigurations = (
				5FC5232C271CFBD300DC2B7A /* Debug */,
				5FC5232D271CFBD300DC2B7A /* Release */,
			);
			defaultConfigurationIsVisible = 0;
			defaultConfigurationName = Release;
		};
/* End XCConfigurationList section */

/* Begin XCVersionGroup section */
		5F87E15827473F1A00591BA8 /* Restaurant.xcdatamodeld */ = {
			isa = XCVersionGroup;
			children = (
				5F87E15927473F1A00591BA8 /* Restaurant.xcdatamodel */,
			);
			currentVersion = 5F87E15927473F1A00591BA8 /* Restaurant.xcdatamodel */;
			path = Restaurant.xcdatamodeld;
			sourceTree = "<group>";
			versionGroupType = wrapper.xcdatamodel;
		};
/* End XCVersionGroup section */
	};
	rootObject = 5FC522F3271CFBD100DC2B7A /* Project object */;
}
